
Microsoft Visual Studio Solution File, Format Version 12.00
# Visual Studio Version 16
VisualStudioVersion = 16.0.30523.141
MinimumVisualStudioVersion = 10.0.40219.1
Project("{FAE04EC0-301F-11D3-BF4B-00C04F79EFBC}") = "HGV.Hyperstone.Images", "tool\HGV.Hyperstone.Images.csproj", "{C932B7EE-4E96-452B-A9AF-1C77406F2C28}"
EndProject
Global
	GlobalSection(SolutionConfigurationPlatforms) = preSolution
		Debug|Any CPU = Debug|Any CPU
		Release|Any CPU = Release|Any CPU
	EndGlobalSection
	GlobalSection(ProjectConfigurationPlatforms) = postSolution
		{C932B7EE-4E96-452B-A9AF-1C77406F2C28}.Debug|Any CPU.ActiveCfg = Debug|Any CPU
		{C932B7EE-4E96-452B-A9AF-1C77406F2C28}.Debug|Any CPU.Build.0 = Debug|Any CPU
		{C932B7EE-4E96-452B-A9AF-1C77406F2C28}.Release|Any CPU.ActiveCfg = Release|Any CPU
		{C932B7EE-4E96-452B-A9AF-1C77406F2C28}.Release|Any CPU.Build.0 = Release|Any CPU
	EndGlobalSection
	GlobalSection(SolutionProperties) = preSolution
		HideSolutionNode = FALSE
	EndGlobalSection
	GlobalSection(ExtensibilityGlobals) = postSolution
		SolutionGuid = {0990E802-A3B3-44FE-87AB-F7F17F844C21}
	EndGlobalSection
EndGlobal
